// !$*UTF8*$!
{
	archiveVersion = 1;
	classes = {
	};
	objectVersion = 46;
	objects = {

/* Begin PBXBuildFile section */
		91D8D88F1EA9DF4C0055C4BA /* main.m in Sources */ = {isa = PBXBuildFile; fileRef = 91D8D88E1EA9DF4C0055C4BA /* main.m */; };
		91D8D8921EA9DF4C0055C4BA /* AppDelegate.m in Sources */ = {isa = PBXBuildFile; fileRef = 91D8D8911EA9DF4C0055C4BA /* AppDelegate.m */; };
		91D8D8951EA9DF4C0055C4BA /* ViewController.m in Sources */ = {isa = PBXBuildFile; fileRef = 91D8D8941EA9DF4C0055C4BA /* ViewController.m */; };
		91D8D8981EA9DF4C0055C4BA /* Main.storyboard in Resources */ = {isa = PBXBuildFile; fileRef = 91D8D8961EA9DF4C0055C4BA /* Main.storyboard */; };
		91D8D89A1EA9DF4C0055C4BA /* Assets.xcassets in Resources */ = {isa = PBXBuildFile; fileRef = 91D8D8991EA9DF4C0055C4BA /* Assets.xcassets */; };
		91D8D89D1EA9DF4C0055C4BA /* LaunchScreen.storyboard in Resources */ = {isa = PBXBuildFile; fileRef = 91D8D89B1EA9DF4C0055C4BA /* LaunchScreen.storyboard */; };
/* End PBXBuildFile section */

/* Begin PBXFileReference section */
		91D8D88A1EA9DF4C0055C4BA /* 简单粒子效果.app */ = {isa = PBXFileReference; explicitFileType = wrapper.application; includeInIndex = 0; path = "简单粒子效果.app"; sourceTree = BUILT_PRODUCTS_DIR; };
		91D8D88E1EA9DF4C0055C4BA /* main.m */ = {isa = PBXFileReference; lastKnownFileType = sourcecode.c.objc; path = main.m; sourceTree = "<group>"; };
		91D8D8901EA9DF4C0055C4BA /* AppDelegate.h */ = {isa = PBXFileReference; lastKnownFileType = sourcecode.c.h; path = AppDelegate.h; sourceTree = "<group>"; };
		91D8D8911EA9DF4C0055C4BA /* AppDelegate.m */ = {isa = PBXFileReference; lastKnownFileType = sourcecode.c.objc; path = AppDelegate.m; sourceTree = "<group>"; };
		91D8D8931EA9DF4C0055C4BA /* ViewController.h */ = {isa = PBXFileReference; lastKnownFileType = sourcecode.c.h; path = ViewController.h; sourceTree = "<group>"; };
		91D8D8941EA9DF4C0055C4BA /* ViewController.m */ = {isa = PBXFileReference; lastKnownFileType = sourcecode.c.objc; path = ViewController.m; sourceTree = "<group>"; };
		91D8D8971EA9DF4C0055C4BA /* Base */ = {isa = PBXFileReference; lastKnownFileType = file.storyboard; name = Base; path = Base.lproj/Main.storyboard; sourceTree = "<group>"; };
		91D8D8991EA9DF4C0055C4BA /* Assets.xcassets */ = {isa = PBXFileReference; lastKnownFileType = folder.assetcatalog; path = Assets.xcassets; sourceTree = "<group>"; };
		91D8D89C1EA9DF4C0055C4BA /* Base */ = {isa = PBXFileReference; lastKnownFileType = file.storyboard; name = Base; path = Base.lproj/LaunchScreen.storyboard; sourceTree = "<group>"; };
		91D8D89E1EA9DF4C0055C4BA /* Info.plist */ = {isa = PBXFileReference; lastKnownFileType = text.plist.xml; path = Info.plist; sourceTree = "<group>"; };
/* End PBXFileReference section */

/* Begin PBXFrameworksBuildPhase section */
		91D8D8871EA9DF4C0055C4BA /* Frameworks */ = {
			isa = PBXFrameworksBuildPhase;
			buildActionMask = 2147483647;
			files = (
			);
			runOnlyForDeploymentPostprocessing = 0;
		};
/* End PBXFrameworksBuildPhase section */

/* Begin PBXGroup section */
		91D8D8811EA9DF4C0055C4BA = {
			isa = PBXGroup;
			children = (
				91D8D88C1EA9DF4C0055C4BA /* 简单粒子效果 */,
				91D8D88B1EA9DF4C0055C4BA /* Products */,
			);
			sourceTree = "<group>";
		};
		91D8D88B1EA9DF4C0055C4BA /* Products */ = {
			isa = PBXGroup;
			children = (
				91D8D88A1EA9DF4C0055C4BA /* 简单粒子效果.app */,
			);
			name = Products;
			sourceTree = "<group>";
		};
		91D8D88C1EA9DF4C0055C4BA /* 简单粒子效果 */ = {
			isa = PBXGroup;
			children = (
				91D8D8901EA9DF4C0055C4BA /* AppDelegate.h */,
				91D8D8911EA9DF4C0055C4BA /* AppDelegate.m */,
				91D8D8931EA9DF4C0055C4BA /* ViewController.h */,
				91D8D8941EA9DF4C0055C4BA /* ViewController.m */,
				91D8D8961EA9DF4C0055C4BA /* Main.storyboard */,
				91D8D8991EA9DF4C0055C4BA /* Assets.xcassets */,
				91D8D89B1EA9DF4C0055C4BA /* LaunchScreen.storyboard */,
				91D8D89E1EA9DF4C0055C4BA /* Info.plist */,
				91D8D88D1EA9DF4C0055C4BA /* Supporting Files */,
			);
			path = "简单粒子效果";
			sourceTree = "<group>";
		};
		91D8D88D1EA9DF4C0055C4BA /* Supporting Files */ = {
			isa = PBXGroup;
			children = (
				91D8D88E1EA9DF4C0055C4BA /* main.m */,
			);
			name = "Supporting Files";
			sourceTree = "<group>";
		};
/* End PBXGroup section */

/* Begin PBXNativeTarget section */
		91D8D8891EA9DF4C0055C4BA /* 简单粒子效果 */ = {
			isa = PBXNativeTarget;
			buildConfigurationList = 91D8D8A11EA9DF4C0055C4BA /* Build configuration list for PBXNativeTarget "简单粒子效果" */;
			buildPhases = (
				91D8D8861EA9DF4C0055C4BA /* Sources */,
				91D8D8871EA9DF4C0055C4BA /* Frameworks */,
				91D8D8881EA9DF4C0055C4BA /* Resources */,
			);
			buildRules = (
			);
			dependencies = (
			);
			name = "简单粒子效果";
			productName = "简单粒子效果";
			productReference = 91D8D88A1EA9DF4C0055C4BA /* 简单粒子效果.app */;
			productType = "com.apple.product-type.application";
		};
/* End PBXNativeTarget section */

/* Begin PBXProject section */
		91D8D8821EA9DF4C0055C4BA /* Project object */ = {
			isa = PBXProject;
			attributes = {
				LastUpgradeCheck = 0820;
				ORGANIZATIONNAME = "蒋俊";
				TargetAttributes = {
					91D8D8891EA9DF4C0055C4BA = {
						CreatedOnToolsVersion = 8.2.1;
						ProvisioningStyle = Automatic;
					};
				};
			};
			buildConfigurationList = 91D8D8851EA9DF4C0055C4BA /* Build configuration list for PBXProject "简单粒子效果" */;
			compatibilityVersion = "Xcode 3.2";
			developmentRegion = English;
			hasScannedForEncodings = 0;
			knownRegions = (
				en,
				Base,
			);
			mainGroup = 91D8D8811EA9DF4C0055C4BA;
			productRefGroup = 91D8D88B1EA9DF4C0055C4BA /* Products */;
			projectDirPath = "";
			projectRoot = "";
			targets = (
				91D8D8891EA9DF4C0055C4BA /* 简单粒子效果 */,
			);
		};
/* End PBXProject section */

/* Begin PBXResourcesBuildPhase section */
		91D8D8881EA9DF4C0055C4BA /* Resources */ = {
			isa = PBXResourcesBuildPhase;
			buildActionMask = 2147483647;
			files = (
				91D8D89D1EA9DF4C0055C4BA /* LaunchScreen.storyboard in Resources */,
				91D8D89A1EA9DF4C0055C4BA /* Assets.xcassets in Resources */,
				91D8D8981EA9DF4C0055C4BA /* Main.storyboard in Resources */,
			);
			runOnlyForDeploymentPostprocessing = 0;
		};
/* End PBXResourcesBuildPhase section */

/* Begin PBXSourcesBuildPhase section */
		91D8D8861EA9DF4C0055C4BA /* Sources */ = {
			isa = PBXSourcesBuildPhase;
			buildActionMask = 2147483647;
			files = (
				91D8D8951EA9DF4C0055C4BA /* ViewController.m in Sources */,
				91D8D8921EA9DF4C0055C4BA /* AppDelegate.m in Sources */,
				91D8D88F1EA9DF4C0055C4BA /* main.m in Sources */,
			);
			runOnlyForDeploymentPostprocessing = 0;
		};
/* End PBXSourcesBuildPhase section */

/* Begin PBXVariantGroup section */
		91D8D8961EA9DF4C0055C4BA /* Main.storyboard */ = {
			isa = PBXVariantGroup;
			children = (
				91D8D8971EA9DF4C0055C4BA /* Base */,
			);
			name = Main.storyboard;
			sourceTree = "<group>";
		};
		91D8D89B1EA9DF4C0055C4BA /* LaunchScreen.storyboard */ = {
			isa = PBXVariantGroup;
			children = (
				91D8D89C1EA9DF4C0055C4BA /* Base */,
			);
			name = LaunchScreen.storyboard;
			sourceTree = "<group>";
		};
/* End PBXVariantGroup section */

/* Begin XCBuildConfiguration section */
		91D8D89F1EA9DF4C0055C4BA /* Debug */ = {
			isa = XCBuildConfiguration;
			buildSettings = {
				ALWAYS_SEARCH_USER_PATHS = NO;
				CLANG_ANALYZER_NONNULL = YES;
				CLANG_CXX_LANGUAGE_STANDARD = "gnu++0x";
				CLANG_CXX_LIBRARY = "libc++";
				CLANG_ENABLE_MODULES = YES;
				CLANG_ENABLE_OBJC_ARC = YES;
				CLANG_WARN_BOOL_CONVERSION = YES;
				CLANG_WARN_CONSTANT_CONVERSION = YES;
				CLANG_WARN_DIRECT_OBJC_ISA_USAGE = YES_ERROR;
				CLANG_WARN_DOCUMENTATION_COMMENTS = YES;
				CLANG_WARN_EMPTY_BODY = YES;
				CLANG_WARN_ENUM_CONVERSION = YES;
				CLANG_WARN_INFINITE_RECURSION = YES;
				CLANG_WARN_INT_CONVERSION = YES;
				CLANG_WARN_OBJC_ROOT_CLASS = YES_ERROR;
				CLANG_WARN_SUSPICIOUS_MOVE = YES;
				CLANG_WARN_UNREACHABLE_CODE = YES;
				CLANG_WARN__DUPLICATE_METHOD_MATCH = YES;
				"CODE_SIGN_IDENTITY[sdk=iphoneos*]" = "iPhone Developer";
				COPY_PHASE_STRIP = NO;
				DEBUG_INFORMATION_FORMAT = dwarf;
				ENABLE_STRICT_OBJC_MSGSEND = YES;
				ENABLE_TESTABILITY = YES;
				GCC_C_LANGUAGE_STANDARD = gnu99;
				GCC_DYNAMIC_NO_PIC = NO;
				GCC_NO_COMMON_BLOCKS = YES;
				GCC_OPTIMIZATION_LEVEL = 0;
				GCC_PREPROCESSOR_DEFINITIONS = (
					"DEBUG=1",
					"$(inherited)",
				);
				GCC_WARN_64_TO_32_BIT_CONVERSION = YES;
				GCC_WARN_ABOUT_RETURN_TYPE = YES_ERROR;
				GCC_WARN_UNDECLARED_SELECTOR = YES;
				GCC_WARN_UNINITIALIZED_AUTOS = YES_AGGRESSIVE;
				GCC_WARN_UNUSED_FUNCTION = YES;
				GCC_WARN_UNUSED_VARIABLE = YES;
				IPHONEOS_DEPLOYMENT_TARGET = 10.2;
				MTL_ENABLE_DEBUG_INFO = YES;
				ONLY_ACTIVE_ARCH = YES;
				SDKROOT = iphoneos;
			};
			name = Debug;
		};
		91D8D8A01EA9DF4C0055C4BA /* Release */ = {
			isa = XCBuildConfiguration;
			buildSettings = {
				ALWAYS_SEARCH_USER_PATHS = NO;
				CLANG_ANALYZER_NONNULL = YES;
				CLANG_CXX_LANGUAGE_STANDARD = "gnu++0x";
				CLANG_CXX_LIBRARY = "libc++";
				CLANG_ENABLE_MODULES = YES;
				CLANG_ENABLE_OBJC_ARC = YES;
				CLANG_WARN_BOOL_CONVERSION = YES;
				CLANG_WARN_CONSTANT_CONVERSION = YES;
				CLANG_WARN_DIRECT_OBJC_ISA_USAGE = YES_ERROR;
				CLANG_WARN_DOCUMENTATION_COMMENTS = YES;
				CLANG_WARN_EMPTY_BODY = YES;
				CLANG_WARN_ENUM_CONVERSION = YES;
				CLANG_WARN_INFINITE_RECURSION = YES;
				CLANG_WARN_INT_CONVERSION = YES;
				CLANG_WARN_OBJC_ROOT_CLASS = YES_ERROR;
				CLANG_WARN_SUSPICIOUS_MOVE = YES;
				CLANG_WARN_UNREACHABLE_CODE = YES;
				CLANG_WARN__DUPLICATE_METHOD_MATCH = YES;
				"CODE_SIGN_IDENTITY[sdk=iphoneos*]" = "iPhone Developer";
				COPY_PHASE_STRIP = NO;
				DEBUG_INFORMATION_FORMAT = "dwarf-with-dsym";
				ENABLE_NS_ASSERTIONS = NO;
				ENABLE_STRICT_OBJC_MSGSEND = YES;
				GCC_C_LANGUAGE_STANDARD = gnu99;
				GCC_NO_COMMON_BLOCKS = YES;
				GCC_WARN_64_TO_32_BIT_CONVERSION = YES;
				GCC_WARN_ABOUT_RETURN_TYPE = YES_ERROR;
				GCC_WARN_UNDECLARED_SELECTOR = YES;
				GCC_WARN_UNINITIALIZED_AUTOS = YES_AGGRESSIVE;
				GCC_WARN_UNUSED_FUNCTION = YES;
				GCC_WARN_UNUSED_VARIABLE = YES;
				IPHONEOS_DEPLOYMENT_TARGET = 10.2;
				MTL_ENABLE_DEBUG_INFO = NO;
				SDKROOT = iphoneos;
				VALIDATE_PRODUCT = YES;
			};
			name = Release;
		};
		91D8D8A21EA9DF4C0055C4BA /* Debug */ = {
			isa = XCBuildConfiguration;
			buildSettings = {
				ASSETCATALOG_COMPILER_APPICON_NAME = AppIcon;
				INFOPLIST_FILE = "简单粒子效果/Info.plist";
				LD_RUNPATH_SEARCH_PATHS = "$(inherited) @executable_path/Frameworks";
				PRODUCT_BUNDLE_IDENTIFIER = "innobridge.com.------";
				PRODUCT_NAME = "$(TARGET_NAME)";
			};
			name = Debug;
		};
		91D8D8A31EA9DF4C0055C4BA /* Release */ = {
			isa = XCBuildConfiguration;
			buildSettings = {
				ASSETCATALOG_COMPILER_APPICON_NAME = AppIcon;
				INFOPLIST_FILE = "简单粒子效果/Info.plist";
				LD_RUNPATH_SEARCH_PATHS = "$(inherited) @executable_path/Frameworks";
				PRODUCT_BUNDLE_IDENTIFIER = "innobridge.com.------";
				PRODUCT_NAME = "$(TARGET_NAME)";
			};
			name = Release;
		};
/* End XCBuildConfiguration section */

/* Begin XCConfigurationList section */
		91D8D8851EA9DF4C0055C4BA /* Build configuration list for PBXProject "简单粒子效果" */ = {
			isa = XCConfigurationList;
			buildConfigurations = (
				91D8D89F1EA9DF4C0055C4BA /* Debug */,
				91D8D8A01EA9DF4C0055C4BA /* Release */,
			);
			defaultConfigurationIsVisible = 0;
			defaultConfigurationName = Release;
		};
		91D8D8A11EA9DF4C0055C4BA /* Build configuration list for PBXNativeTarget "简单粒子效果" */ = {
			isa = XCConfigurationList;
			buildConfigurations = (
				91D8D8A21EA9DF4C0055C4BA /* Debug */,
				91D8D8A31EA9DF4C0055C4BA /* Release */,
			);
			defaultConfigurationIsVisible = 0;
		};
/* End XCConfigurationList section */
	};
	rootObject = 91D8D8821EA9DF4C0055C4BA /* Project object */;
}
